
Microsoft Visual Studio Solution File, Format Version 12.00
# Visual Studio 2013
VisualStudioVersion = 12.0.21005.1
MinimumVisualStudioVersion = 10.0.40219.1
Project("{8BC9CEB8-8B4A-11D0-8D11-00A0C91BC942}") = "Okno", "Okno\Okno.vcxproj", "{C7CF14CA-9D66-4B81-87DA-D97FF89CC723}"
EndProject
Project("{8BC9CEB8-8B4A-11D0-8D11-00A0C91BC942}") = "punkt", "punkt\punkt.vcxproj", "{64AFFA66-70D6-42FE-8088-64EACD1D27A4}"
EndProject
Project("{8BC9CEB8-8B4A-11D0-8D11-00A0C91BC942}") = "Punkty", "Punkty\Punkty.vcxproj", "{88FAA4B1-C829-41E2-BB77-94AE7C6100BC}"
EndProject
Project("{8BC9CEB8-8B4A-11D0-8D11-00A0C91BC942}") = "Trojkat", "Trojkat\Trojkat.vcxproj", "{3758F5EA-DD15-4ED2-8D01-D2ACA4333DDE}"
EndProject
Project("{8BC9CEB8-8B4A-11D0-8D11-00A0C91BC942}") = "Kolo", "Kolo\Kolo.vcxproj", "{8D3D488C-205F-465F-A781-565CE6C02538}"
EndProject
Project("{8BC9CEB8-8B4A-11D0-8D11-00A0C91BC942}") = "Kwadrat", "Kwadrat\Kwadrat.vcxproj", "{41BB7B03-2B6F-42DF-89FE-286010AA4F62}"
EndProject
Project("{8BC9CEB8-8B4A-11D0-8D11-00A0C91BC942}") = "Kwadrat z GL_QUADS", "Kwadrat z GL_QUADS\Kwadrat z GL_QUADS.vcxproj", "{BF688680-F66B-4FE0-8179-6AF8EF820231}"
EndProject
Global
	GlobalSection(SolutionConfigurationPlatforms) = preSolution
		Debug|Win32 = Debug|Win32
		Release|Win32 = Release|Win32
	EndGlobalSection
	GlobalSection(ProjectConfigurationPlatforms) = postSolution
		{C7CF14CA-9D66-4B81-87DA-D97FF89CC723}.Debug|Win32.ActiveCfg = Debug|Win32
		{C7CF14CA-9D66-4B81-87DA-D97FF89CC723}.Debug|Win32.Build.0 = Debug|Win32
		{C7CF14CA-9D66-4B81-87DA-D97FF89CC723}.Release|Win32.ActiveCfg = Release|Win32
		{C7CF14CA-9D66-4B81-87DA-D97FF89CC723}.Release|Win32.Build.0 = Release|Win32
		{64AFFA66-70D6-42FE-8088-64EACD1D27A4}.Debug|Win32.ActiveCfg = Debug|Win32
		{64AFFA66-70D6-42FE-8088-64EACD1D27A4}.Debug|Win32.Build.0 = Debug|Win32
		{64AFFA66-70D6-42FE-8088-64EACD1D27A4}.Release|Win32.ActiveCfg = Release|Win32
		{64AFFA66-70D6-42FE-8088-64EACD1D27A4}.Release|Win32.Build.0 = Release|Win32
		{88FAA4B1-C829-41E2-BB77-94AE7C6100BC}.Debug|Win32.ActiveCfg = Debug|Win32
		{88FAA4B1-C829-41E2-BB77-94AE7C6100BC}.Debug|Win32.Build.0 = Debug|Win32
		{88FAA4B1-C829-41E2-BB77-94AE7C6100BC}.Release|Win32.ActiveCfg = Release|Win32
		{88FAA4B1-C829-41E2-BB77-94AE7C6100BC}.Release|Win32.Build.0 = Release|Win32
		{3758F5EA-DD15-4ED2-8D01-D2ACA4333DDE}.Debug|Win32.ActiveCfg = Debug|Win32
		{3758F5EA-DD15-4ED2-8D01-D2ACA4333DDE}.Debug|Win32.Build.0 = Debug|Win32
		{3758F5EA-DD15-4ED2-8D01-D2ACA4333DDE}.Release|Win32.ActiveCfg = Release|Win32
		{3758F5EA-DD15-4ED2-8D01-D2ACA4333DDE}.Release|Win32.Build.0 = Release|Win32
		{8D3D488C-205F-465F-A781-565CE6C02538}.Debug|Win32.ActiveCfg = Debug|Win32
		{8D3D488C-205F-465F-A781-565CE6C02538}.Debug|Win32.Build.0 = Debug|Win32
		{8D3D488C-205F-465F-A781-565CE6C02538}.Release|Win32.ActiveCfg = Release|Win32
		{8D3D488C-205F-465F-A781-565CE6C02538}.Release|Win32.Build.0 = Release|Win32
		{41BB7B03-2B6F-42DF-89FE-286010AA4F62}.Debug|Win32.ActiveCfg = Debug|Win32
		{41BB7B03-2B6F-42DF-89FE-286010AA4F62}.Debug|Win32.Build.0 = Debug|Win32
		{41BB7B03-2B6F-42DF-89FE-286010AA4F62}.Release|Win32.ActiveCfg = Release|Win32
		{41BB7B03-2B6F-42DF-89FE-286010AA4F62}.Release|Win32.Build.0 = Release|Win32
		{BF688680-F66B-4FE0-8179-6AF8EF820231}.Debug|Win32.ActiveCfg = Debug|Win32
		{BF688680-F66B-4FE0-8179-6AF8EF820231}.Debug|Win32.Build.0 = Debug|Win32
		{BF688680-F66B-4FE0-8179-6AF8EF820231}.Release|Win32.ActiveCfg = Release|Win32
		{BF688680-F66B-4FE0-8179-6AF8EF820231}.Release|Win32.Build.0 = Release|Win32
	EndGlobalSection
	GlobalSection(SolutionProperties) = preSolution
		HideSolutionNode = FALSE
	EndGlobalSection
EndGlobal
